
Microsoft Visual Studio Solution File, Format Version 12.00
# Visual Studio Version 17
VisualStudioVersion = 17.14.36915.13
MinimumVisualStudioVersion = 10.0.40219.1
Project("{FAE04EC0-301F-11D3-BF4B-00C04F79EFBC}") = "VehicleRentalManagementSystem", "VehicleRentalManagementSystem\VehicleRentalManagementSystem.csproj", "{719135FA-E02B-48A8-A6AA-24852F43CBCC}"
EndProject
Project("{2150E333-8FDC-42A3-9474-1A3956D46DE8}") = "Solution Items", "Solution Items", "{8EC462FD-D22E-90A8-E5CE-7E832BA40C5D}"
	ProjectSection(SolutionItems) = preProject
		.gitignore = .gitignore
	EndProjectSection
EndProject
Global
	GlobalSection(SolutionConfigurationPlatforms) = preSolution
		Debug|Any CPU = Debug|Any CPU
		Release|Any CPU = Release|Any CPU
	EndGlobalSection
	GlobalSection(ProjectConfigurationPlatforms) = postSolution
		{719135FA-E02B-48A8-A6AA-24852F43CBCC}.Debug|Any CPU.ActiveCfg = Debug|Any CPU
		{719135FA-E02B-48A8-A6AA-24852F43CBCC}.Debug|Any CPU.Build.0 = Debug|Any CPU
		{719135FA-E02B-48A8-A6AA-24852F43CBCC}.Release|Any CPU.ActiveCfg = Release|Any CPU
		{719135FA-E02B-48A8-A6AA-24852F43CBCC}.Release|Any CPU.Build.0 = Release|Any CPU
	EndGlobalSection
	GlobalSection(SolutionProperties) = preSolution
		HideSolutionNode = FALSE
	EndGlobalSection
	GlobalSection(ExtensibilityGlobals) = postSolution
		SolutionGuid = {4949BE97-64E7-49D5-BB0A-FD8036A5C360}
	EndGlobalSection
EndGlobal
